
Microsoft Visual Studio Solution File, Format Version 12.00
# Visual Studio Version 16
VisualStudioVersion = 16.0.29911.84
MinimumVisualStudioVersion = 10.0.40219.1
Project("{FAE04EC0-301F-11D3-BF4B-00C04F79EFBC}") = "Module5TP1", "Module5TP1\Module5TP1.csproj", "{7C71E9D8-6636-47FA-A2F3-D0C2BF813248}"
EndProject
Global
	GlobalSection(SolutionConfigurationPlatforms) = preSolution
		Debug|Any CPU = Debug|Any CPU
		Release|Any CPU = Release|Any CPU
	EndGlobalSection
	GlobalSection(ProjectConfigurationPlatforms) = postSolution
		{7C71E9D8-6636-47FA-A2F3-D0C2BF813248}.Debug|Any CPU.ActiveCfg = Debug|Any CPU
		{7C71E9D8-6636-47FA-A2F3-D0C2BF813248}.Debug|Any CPU.Build.0 = Debug|Any CPU
		{7C71E9D8-6636-47FA-A2F3-D0C2BF813248}.Release|Any CPU.ActiveCfg = Release|Any CPU
		{7C71E9D8-6636-47FA-A2F3-D0C2BF813248}.Release|Any CPU.Build.0 = Release|Any CPU
	EndGlobalSection
	GlobalSection(SolutionProperties) = preSolution
		HideSolutionNode = FALSE
	EndGlobalSection
	GlobalSection(ExtensibilityGlobals) = postSolution
		SolutionGuid = {5DED64CC-9ADB-46FD-B4DA-C3EA966330FB}
	EndGlobalSection
EndGlobal
